# THIS IS AN AUTOGENERATED FILE. DO NOT EDIT THIS FILE DIRECTLY.
# yarn lockfile v1


easemob-websdk@^4.0.3:
  version "4.0.3"
  resolved "https://registry.npmmirror.com/easemob-websdk/-/easemob-websdk-4.0.3.tgz#b8dfede7664b7bc0662c80514587d95b6693ec13"
  integrity sha512-M7dN5lXt7di7EA+7WQ/A7fe+uxeUALufouTnEttVgx3cpPlGj2BTL+4JntxJHIu716W5j8jXlXNh9ZOOTQigUA==

typescript@^4.5.5:
  version "4.5.5"
  resolved "https://registry.npmmirror.com/typescript/-/typescript-4.5.5.tgz#d8c953832d28924a9e3d37c73d729c846c5896f3"
  integrity sha512-TCTIul70LyWe6IJWT8QSYeA54WQe8EjQFU4wY52Fasj5UKx88LNYKCgBEHcOMOrFF1rKGbD8v/xcNWVUq9SymA==
